{
  "name": "prism-parity",
  "lockfileVersion": 3,
  "requires": true,
  "packages": {
    "": {
      "name": "prism-parity",
      "devDependencies": {
        "@particle-academy/fancy-schema": "github:Particle-Academy/fancy-schema#v0.2.1"
      },
      "engines": {
        "node": ">=22"
      }
    },
    "node_modules/@particle-academy/fancy-schema": {
      "version": "0.2.1",
      "resolved": "git+ssh://git@github.com/Particle-Academy/fancy-schema.git#315c1c11b2b6b002b1f95b3c226e9b23c152c733",
      "dev": true,
      "license": "MIT",
      "engines": {
        "node": ">=22"
      }
    }
  }
}
